
Microsoft Visual Studio Solution File, Format Version 12.00
# Visual Studio Version 16
VisualStudioVersion = 16.0.32228.343
MinimumVisualStudioVersion = 10.0.40219.1
Project("{FAE04EC0-301F-11D3-BF4B-00C04F79EFBC}") = "homewooorrrkkk", "homewooorrrkkk\homewooorrrkkk.csproj", "{94FD45EA-2918-4007-AB03-2F4F0387C181}"
EndProject
Global
	GlobalSection(SolutionConfigurationPlatforms) = preSolution
		Debug|Any CPU = Debug|Any CPU
		Release|Any CPU = Release|Any CPU
	EndGlobalSection
	GlobalSection(ProjectConfigurationPlatforms) = postSolution
		{94FD45EA-2918-4007-AB03-2F4F0387C181}.Debug|Any CPU.ActiveCfg = Debug|Any CPU
		{94FD45EA-2918-4007-AB03-2F4F0387C181}.Debug|Any CPU.Build.0 = Debug|Any CPU
		{94FD45EA-2918-4007-AB03-2F4F0387C181}.Release|Any CPU.ActiveCfg = Release|Any CPU
		{94FD45EA-2918-4007-AB03-2F4F0387C181}.Release|Any CPU.Build.0 = Release|Any CPU
	EndGlobalSection
	GlobalSection(SolutionProperties) = preSolution
		HideSolutionNode = FALSE
	EndGlobalSection
	GlobalSection(ExtensibilityGlobals) = postSolution
		SolutionGuid = {B3DAB13B-6DBD-46A7-BCE2-C0792923C9D7}
	EndGlobalSection
EndGlobal
